
Microsoft Visual Studio Solution File, Format Version 12.00
# Visual Studio 2013
VisualStudioVersion = 12.0.30723.0
MinimumVisualStudioVersion = 10.0.40219.1
Project("{FAE04EC0-301F-11D3-BF4B-00C04F79EFBC}") = "Emeraldwalk.VsFileMirror", "Emeraldwalk.VsFileMirror\Emeraldwalk.VsFileMirror.csproj", "{AC950CB1-7BBD-4FF4-A7D7-F32050F3C01D}"
EndProject
Project("{FAE04EC0-301F-11D3-BF4B-00C04F79EFBC}") = "Emeraldwalk.VsFileMirror_IntegrationTests", "Emeraldwalk.VsFileMirror\Emeraldwalk.VsFileMirror_IntegrationTests\Emeraldwalk.VsFileMirror_IntegrationTests.csproj", "{EC8F76F8-DEA9-4F3F-9FC0-2606E37FB3B7}"
EndProject
Project("{2150E333-8FDC-42A3-9474-1A3956D46DE8}") = "Solution Items", "Solution Items", "{64E76353-0AE4-4F52-B20A-E52C31652D94}"
	ProjectSection(SolutionItems) = preProject
		IntegrationTests.testsettings = IntegrationTests.testsettings
		UnitTests.testsettings = UnitTests.testsettings
	EndProjectSection
EndProject
Project("{FAE04EC0-301F-11D3-BF4B-00C04F79EFBC}") = "Emeraldwalk.VsFileMirror_UnitTests", "Emeraldwalk.VsFileMirror\Emeraldwalk.VsFileMirror_UnitTests\Emeraldwalk.VsFileMirror_UnitTests.csproj", "{93FFFAAD-D144-41FE-ADCC-336C1D4DBAAB}"
EndProject
Global
	GlobalSection(SolutionConfigurationPlatforms) = preSolution
		Debug|Any CPU = Debug|Any CPU
		Release|Any CPU = Release|Any CPU
	EndGlobalSection
	GlobalSection(ProjectConfigurationPlatforms) = postSolution
		{AC950CB1-7BBD-4FF4-A7D7-F32050F3C01D}.Debug|Any CPU.ActiveCfg = Debug|Any CPU
		{AC950CB1-7BBD-4FF4-A7D7-F32050F3C01D}.Debug|Any CPU.Build.0 = Debug|Any CPU
		{AC950CB1-7BBD-4FF4-A7D7-F32050F3C01D}.Release|Any CPU.ActiveCfg = Release|Any CPU
		{AC950CB1-7BBD-4FF4-A7D7-F32050F3C01D}.Release|Any CPU.Build.0 = Release|Any CPU
		{EC8F76F8-DEA9-4F3F-9FC0-2606E37FB3B7}.Debug|Any CPU.ActiveCfg = Debug|Any CPU
		{EC8F76F8-DEA9-4F3F-9FC0-2606E37FB3B7}.Debug|Any CPU.Build.0 = Debug|Any CPU
		{EC8F76F8-DEA9-4F3F-9FC0-2606E37FB3B7}.Release|Any CPU.ActiveCfg = Release|Any CPU
		{EC8F76F8-DEA9-4F3F-9FC0-2606E37FB3B7}.Release|Any CPU.Build.0 = Release|Any CPU
		{93FFFAAD-D144-41FE-ADCC-336C1D4DBAAB}.Debug|Any CPU.ActiveCfg = Debug|Any CPU
		{93FFFAAD-D144-41FE-ADCC-336C1D4DBAAB}.Debug|Any CPU.Build.0 = Debug|Any CPU
		{93FFFAAD-D144-41FE-ADCC-336C1D4DBAAB}.Release|Any CPU.ActiveCfg = Release|Any CPU
		{93FFFAAD-D144-41FE-ADCC-336C1D4DBAAB}.Release|Any CPU.Build.0 = Release|Any CPU
	EndGlobalSection
	GlobalSection(SolutionProperties) = preSolution
		HideSolutionNode = FALSE
	EndGlobalSection
EndGlobal
